[
  {
    "uid": 1,
    "yarn_color": "Black",
    "yarn_qty": 0
  },
  {
    "uid": 1,
    "yarn_color": "Maroon",
    "yarn_qty": 0
  },
  {
    "uid": 1,
    "yarn_color": "Green",
    "yarn_qty": 0
  },
  {
    "uid": 1,
    "yarn_color": "Olive",
    "yarn_qty": 0
  },
  {
    "uid": 1,
    "yarn_color": "Navy",
    "yarn_qty": 0
  },
  {
    "uid": 1,
    "yarn_color": "Purple",
    "yarn_qty": 0
  },
  {
    "uid": 1,
    "yarn_color": "Teal",
    "yarn_qty": 0
  },
  {
    "uid": 1,
    "yarn_color": "Silver",
    "yarn_qty": 0
  },
  {
    "uid": 1,
    "yarn_color": "Grey",
    "yarn_qty": 0
  },
  {
    "uid": 1,
    "yarn_color": "Red",
    "yarn_qty": 0
  },
  {
    "uid": 1,
    "yarn_color": "Lime",
    "yarn_qty": 0
  },
  {
    "uid": 1,
    "yarn_color": "Yellow",
    "yarn_qty": 0
  },
  {
    "uid": 1,
    "yarn_color": "Blue",
    "yarn_qty": 0
  },
  {
    "uid": 1,
    "yarn_color": "Fuchsia",
    "yarn_qty": 0
  },
  {
    "uid": 1,
    "yarn_color": "Aqua",
    "yarn_qty": 0
  },
  {
    "uid": 1,
    "yarn_color": "White",
    "yarn_qty": 0
  },
  {
    "uid": 1,
    "yarn_color": "Grey0",
    "yarn_qty": 0
  },
  {
    "uid": 1,
    "yarn_color": "NavyBlue",
    "yarn_qty": 0
  },
  {
    "uid": 1,
    "yarn_color": "DarkBlue",
    "yarn_qty": 0
  },
  {
    "uid": 1,
    "yarn_color": "Blue3",
    "yarn_qty": 0
  },
  {
    "uid": 1,
    "yarn_color": "Blue3",
    "yarn_qty": 0
  },
  {
    "uid": 1,
    "yarn_color": "Blue1",
    "yarn_qty": 0
  },
  {
    "uid": 1,
    "yarn_color": "DarkGreen",
    "yarn_qty": 0
  },
  {
    "uid": 1,
    "yarn_color": "DeepSkyBlue4",
    "yarn_qty": 0
  },
  {
    "uid": 1,
    "yarn_color": "DeepSkyBlue4",
    "yarn_qty": 0
  },
  {
    "uid": 1,
    "yarn_color": "DeepSkyBlue4",
    "yarn_qty": 0
  },
  {
    "uid": 1,
    "yarn_color": "DodgerBlue3",
    "yarn_qty": 0
  },
  {
    "uid": 1,
    "yarn_color": "DodgerBlue2",
    "yarn_qty": 0
  },
  {
    "uid": 1,
    "yarn_color": "Green4",
    "yarn_qty": 0
  },
  {
    "uid": 1,
    "yarn_color": "SpringGreen4",
    "yarn_qty": 0
  },
  {
    "uid": 1,
    "yarn_color": "Turquoise4",
    "yarn_qty": 0
  },
  {
    "uid": 1,
    "yarn_color": "DeepSkyBlue3",
    "yarn_qty": 0
  },
  {
    "uid": 1,
    "yarn_color": "DeepSkyBlue3",
    "yarn_qty": 0
  },
  {
    "uid": 1,
    "yarn_color": "DodgerBlue1",
    "yarn_qty": 0
  },
  {
    "uid": 1,
    "yarn_color": "Green3",
    "yarn_qty": 0
  },
  {
    "uid": 1,
    "yarn_color": "SpringGreen3",
    "yarn_qty": 0
  },
  {
    "uid": 1,
    "yarn_color": "DarkCyan",
    "yarn_qty": 0
  },
  {
    "uid": 1,
    "yarn_color": "LightSeaGreen",
    "yarn_qty": 0
  },
  {
    "uid": 1,
    "yarn_color": "DeepSkyBlue2",
    "yarn_qty": 0
  },
  {
    "uid": 1,
    "yarn_color": "DeepSkyBlue1",
    "yarn_qty": 0
  },
  {
    "uid": 1,
    "yarn_color": "Green3",
    "yarn_qty": 0
  },
  {
    "uid": 1,
    "yarn_color": "SpringGreen3",
    "yarn_qty": 0
  },
  {
    "uid": 1,
    "yarn_color": "SpringGreen2",
    "yarn_qty": 0
  },
  {
    "uid": 1,
    "yarn_color": "Cyan3",
    "yarn_qty": 0
  },
  {
    "uid": 1,
    "yarn_color": "DarkTurquoise",
    "yarn_qty": 0
  },
  {
    "uid": 1,
    "yarn_color": "Turquoise2",
    "yarn_qty": 0
  },
  {
    "uid": 1,
    "yarn_color": "Green1",
    "yarn_qty": 0
  },
  {
    "uid": 1,
    "yarn_color": "SpringGreen2",
    "yarn_qty": 0
  },
  {
    "uid": 1,
    "yarn_color": "SpringGreen1",
    "yarn_qty": 0
  },
  {
    "uid": 1,
    "yarn_color": "MediumSpringGreen",
    "yarn_qty": 0
  },
  {
    "uid": 1,
    "yarn_color": "Cyan2",
    "yarn_qty": 0
  },
  {
    "uid": 1,
    "yarn_color": "Cyan1",
    "yarn_qty": 0
  },
  {
    "uid": 1,
    "yarn_color": "DarkRed",
    "yarn_qty": 0
  },
  {
    "uid": 1,
    "yarn_color": "DeepPink4",
    "yarn_qty": 0
  },
  {
    "uid": 1,
    "yarn_color": "Purple4",
    "yarn_qty": 0
  },
  {
    "uid": 1,
    "yarn_color": "Purple4",
    "yarn_qty": 0
  },
  {
    "uid": 1,
    "yarn_color": "Purple3",
    "yarn_qty": 0
  },
  {
    "uid": 1,
    "yarn_color": "BlueViolet",
    "yarn_qty": 0
  },
  {
    "uid": 1,
    "yarn_color": "Orange4",
    "yarn_qty": 0
  },
  {
    "uid": 1,
    "yarn_color": "Grey37",
    "yarn_qty": 0
  },
  {
    "uid": 1,
    "yarn_color": "MediumPurple4",
    "yarn_qty": 0
  },
  {
    "uid": 1,
    "yarn_color": "SlateBlue3",
    "yarn_qty": 0
  },
  {
    "uid": 1,
    "yarn_color": "SlateBlue3",
    "yarn_qty": 0
  },
  {
    "uid": 1,
    "yarn_color": "RoyalBlue1",
    "yarn_qty": 0
  },
  {
    "uid": 1,
    "yarn_color": "Chartreuse4",
    "yarn_qty": 0
  },
  {
    "uid": 1,
    "yarn_color": "DarkSeaGreen4",
    "yarn_qty": 0
  },
  {
    "uid": 1,
    "yarn_color": "PaleTurquoise4",
    "yarn_qty": 0
  },
  {
    "uid": 1,
    "yarn_color": "SteelBlue",
    "yarn_qty": 0
  },
  {
    "uid": 1,
    "yarn_color": "SteelBlue3",
    "yarn_qty": 0
  },
  {
    "uid": 1,
    "yarn_color": "CornflowerBlue",
    "yarn_qty": 0
  },
  {
    "uid": 1,
    "yarn_color": "Chartreuse3",
    "yarn_qty": 0
  },
  {
    "uid": 1,
    "yarn_color": "DarkSeaGreen4",
    "yarn_qty": 0
  },
  {
    "uid": 1,
    "yarn_color": "CadetBlue",
    "yarn_qty": 0
  },
  {
    "uid": 1,
    "yarn_color": "CadetBlue",
    "yarn_qty": 0
  },
  {
    "uid": 1,
    "yarn_color": "SkyBlue3",
    "yarn_qty": 0
  },
  {
    "uid": 1,
    "yarn_color": "SteelBlue1",
    "yarn_qty": 0
  },
  {
    "uid": 1,
    "yarn_color": "Chartreuse3",
    "yarn_qty": 0
  },
  {
    "uid": 1,
    "yarn_color": "PaleGreen3",
    "yarn_qty": 0
  },
  {
    "uid": 1,
    "yarn_color": "SeaGreen3",
    "yarn_qty": 0
  },
  {
    "uid": 1,
    "yarn_color": "Aquamarine3",
    "yarn_qty": 0
  },
  {
    "uid": 1,
    "yarn_color": "MediumTurquoise",
    "yarn_qty": 0
  },
  {
    "uid": 1,
    "yarn_color": "SteelBlue1",
    "yarn_qty": 0
  },
  {
    "uid": 1,
    "yarn_color": "Chartreuse2",
    "yarn_qty": 0
  },
  {
    "uid": 1,
    "yarn_color": "SeaGreen2",
    "yarn_qty": 0
  },
  {
    "uid": 1,
    "yarn_color": "SeaGreen1",
    "yarn_qty": 0
  },
  {
    "uid": 1,
    "yarn_color": "SeaGreen1",
    "yarn_qty": 0
  },
  {
    "uid": 1,
    "yarn_color": "Aquamarine1",
    "yarn_qty": 0
  },
  {
    "uid": 1,
    "yarn_color": "DarkSlateGray2",
    "yarn_qty": 0
  },
  {
    "uid": 1,
    "yarn_color": "DarkRed",
    "yarn_qty": 0
  },
  {
    "uid": 1,
    "yarn_color": "DeepPink4",
    "yarn_qty": 0
  },
  {
    "uid": 1,
    "yarn_color": "DarkMagenta",
    "yarn_qty": 0
  },
  {
    "uid": 1,
    "yarn_color": "DarkMagenta",
    "yarn_qty": 0
  },
  {
    "uid": 1,
    "yarn_color": "DarkViolet",
    "yarn_qty": 0
  },
  {
    "uid": 1,
    "yarn_color": "Purple",
    "yarn_qty": 0
  },
  {
    "uid": 1,
    "yarn_color": "Orange4",
    "yarn_qty": 0
  },
  {
    "uid": 1,
    "yarn_color": "LightPink4",
    "yarn_qty": 0
  },
  {
    "uid": 1,
    "yarn_color": "Plum4",
    "yarn_qty": 0
  },
  {
    "uid": 1,
    "yarn_color": "MediumPurple3",
    "yarn_qty": 0
  },
  {
    "uid": 1,
    "yarn_color": "MediumPurple3",
    "yarn_qty": 0
  },
  {
    "uid": 1,
    "yarn_color": "SlateBlue1",
    "yarn_qty": 0
  },
  {
    "uid": 1,
    "yarn_color": "Yellow4",
    "yarn_qty": 0
  },
  {
    "uid": 1,
    "yarn_color": "Wheat4",
    "yarn_qty": 0
  },
  {
    "uid": 1,
    "yarn_color": "Grey53",
    "yarn_qty": 0
  },
  {
    "uid": 1,
    "yarn_color": "LightSlateGrey",
    "yarn_qty": 0
  },
  {
    "uid": 1,
    "yarn_color": "MediumPurple",
    "yarn_qty": 0
  },
  {
    "uid": 1,
    "yarn_color": "LightSlateBlue",
    "yarn_qty": 0
  },
  {
    "uid": 1,
    "yarn_color": "Yellow4",
    "yarn_qty": 0
  },
  {
    "uid": 1,
    "yarn_color": "DarkOliveGreen3",
    "yarn_qty": 0
  },
  {
    "uid": 1,
    "yarn_color": "DarkSeaGreen",
    "yarn_qty": 0
  },
  {
    "uid": 1,
    "yarn_color": "LightSkyBlue3",
    "yarn_qty": 0
  },
  {
    "uid": 1,
    "yarn_color": "LightSkyBlue3",
    "yarn_qty": 0
  },
  {
    "uid": 1,
    "yarn_color": "SkyBlue2",
    "yarn_qty": 0
  },
  {
    "uid": 1,
    "yarn_color": "Chartreuse2",
    "yarn_qty": 0
  },
  {
    "uid": 1,
    "yarn_color": "DarkOliveGreen3",
    "yarn_qty": 0
  },
  {
    "uid": 1,
    "yarn_color": "PaleGreen3",
    "yarn_qty": 0
  },
  {
    "uid": 1,
    "yarn_color": "DarkSeaGreen3",
    "yarn_qty": 0
  },
  {
    "uid": 1,
    "yarn_color": "DarkSlateGray3",
    "yarn_qty": 0
  },
  {
    "uid": 1,
    "yarn_color": "SkyBlue1",
    "yarn_qty": 0
  },
  {
    "uid": 1,
    "yarn_color": "Chartreuse1",
    "yarn_qty": 0
  },
  {
    "uid": 1,
    "yarn_color": "LightGreen",
    "yarn_qty": 0
  },
  {
    "uid": 1,
    "yarn_color": "LightGreen",
    "yarn_qty": 0
  },
  {
    "uid": 1,
    "yarn_color": "PaleGreen1",
    "yarn_qty": 0
  },
  {
    "uid": 1,
    "yarn_color": "Aquamarine1",
    "yarn_qty": 0
  },
  {
    "uid": 1,
    "yarn_color": "DarkSlateGray1",
    "yarn_qty": 0
  },
  {
    "uid": 1,
    "yarn_color": "Red3",
    "yarn_qty": 0
  },
  {
    "uid": 1,
    "yarn_color": "DeepPink4",
    "yarn_qty": 0
  },
  {
    "uid": 1,
    "yarn_color": "MediumVioletRed",
    "yarn_qty": 0
  },
  {
    "uid": 1,
    "yarn_color": "Magenta3",
    "yarn_qty": 0
  },
  {
    "uid": 1,
    "yarn_color": "DarkViolet",
    "yarn_qty": 0
  },
  {
    "uid": 1,
    "yarn_color": "Purple",
    "yarn_qty": 0
  },
  {
    "uid": 1,
    "yarn_color": "DarkOrange3",
    "yarn_qty": 0
  },
  {
    "uid": 1,
    "yarn_color": "IndianRed",
    "yarn_qty": 0
  },
  {
    "uid": 1,
    "yarn_color": "HotPink3",
    "yarn_qty": 0
  },
  {
    "uid": 1,
    "yarn_color": "MediumOrchid3",
    "yarn_qty": 0
  },
  {
    "uid": 1,
    "yarn_color": "MediumOrchid",
    "yarn_qty": 0
  },
  {
    "uid": 1,
    "yarn_color": "MediumPurple2",
    "yarn_qty": 0
  },
  {
    "uid": 1,
    "yarn_color": "DarkGoldenrod",
    "yarn_qty": 0
  },
  {
    "uid": 1,
    "yarn_color": "LightSalmon3",
    "yarn_qty": 0
  },
  {
    "uid": 1,
    "yarn_color": "RosyBrown",
    "yarn_qty": 0
  },
  {
    "uid": 1,
    "yarn_color": "Grey63",
    "yarn_qty": 0
  },
  {
    "uid": 1,
    "yarn_color": "MediumPurple2",
    "yarn_qty": 0
  },
  {
    "uid": 1,
    "yarn_color": "MediumPurple1",
    "yarn_qty": 0
  },
  {
    "uid": 1,
    "yarn_color": "Gold3",
    "yarn_qty": 0
  },
  {
    "uid": 1,
    "yarn_color": "DarkKhaki",
    "yarn_qty": 0
  },
  {
    "uid": 1,
    "yarn_color": "NavajoWhite3",
    "yarn_qty": 0
  },
  {
    "uid": 1,
    "yarn_color": "Grey69",
    "yarn_qty": 0
  },
  {
    "uid": 1,
    "yarn_color": "LightSteelBlue3",
    "yarn_qty": 0
  },
  {
    "uid": 1,
    "yarn_color": "LightSteelBlue",
    "yarn_qty": 0
  },
  {
    "uid": 1,
    "yarn_color": "Yellow3",
    "yarn_qty": 0
  },
  {
    "uid": 1,
    "yarn_color": "DarkOliveGreen3",
    "yarn_qty": 0
  },
  {
    "uid": 1,
    "yarn_color": "DarkSeaGreen3",
    "yarn_qty": 0
  },
  {
    "uid": 1,
    "yarn_color": "DarkSeaGreen2",
    "yarn_qty": 0
  },
  {
    "uid": 1,
    "yarn_color": "LightCyan3",
    "yarn_qty": 0
  },
  {
    "uid": 1,
    "yarn_color": "LightSkyBlue1",
    "yarn_qty": 0
  },
  {
    "uid": 1,
    "yarn_color": "GreenYellow",
    "yarn_qty": 0
  },
  {
    "uid": 1,
    "yarn_color": "DarkOliveGreen2",
    "yarn_qty": 0
  },
  {
    "uid": 1,
    "yarn_color": "PaleGreen1",
    "yarn_qty": 0
  },
  {
    "uid": 1,
    "yarn_color": "DarkSeaGreen2",
    "yarn_qty": 0
  },
  {
    "uid": 1,
    "yarn_color": "DarkSeaGreen1",
    "yarn_qty": 0
  },
  {
    "uid": 1,
    "yarn_color": "PaleTurquoise1",
    "yarn_qty": 0
  },
  {
    "uid": 1,
    "yarn_color": "Red3",
    "yarn_qty": 0
  },
  {
    "uid": 1,
    "yarn_color": "DeepPink3",
    "yarn_qty": 0
  },
  {
    "uid": 1,
    "yarn_color": "DeepPink3",
    "yarn_qty": 0
  },
  {
    "uid": 1,
    "yarn_color": "Magenta3",
    "yarn_qty": 0
  },
  {
    "uid": 1,
    "yarn_color": "Magenta3",
    "yarn_qty": 0
  },
  {
    "uid": 1,
    "yarn_color": "Magenta2",
    "yarn_qty": 0
  },
  {
    "uid": 1,
    "yarn_color": "DarkOrange3",
    "yarn_qty": 0
  },
  {
    "uid": 1,
    "yarn_color": "IndianRed",
    "yarn_qty": 0
  },
  {
    "uid": 1,
    "yarn_color": "HotPink3",
    "yarn_qty": 0
  },
  {
    "uid": 1,
    "yarn_color": "HotPink2",
    "yarn_qty": 0
  },
  {
    "uid": 1,
    "yarn_color": "Orchid",
    "yarn_qty": 0
  },
  {
    "uid": 1,
    "yarn_color": "MediumOrchid1",
    "yarn_qty": 0
  },
  {
    "uid": 1,
    "yarn_color": "Orange3",
    "yarn_qty": 0
  },
  {
    "uid": 1,
    "yarn_color": "LightSalmon3",
    "yarn_qty": 0
  },
  {
    "uid": 1,
    "yarn_color": "LightPink3",
    "yarn_qty": 0
  },
  {
    "uid": 1,
    "yarn_color": "Pink3",
    "yarn_qty": 0
  },
  {
    "uid": 1,
    "yarn_color": "Plum3",
    "yarn_qty": 0
  },
  {
    "uid": 1,
    "yarn_color": "Violet",
    "yarn_qty": 0
  },
  {
    "uid": 1,
    "yarn_color": "Gold3",
    "yarn_qty": 0
  },
  {
    "uid": 1,
    "yarn_color": "LightGoldenrod3",
    "yarn_qty": 0
  },
  {
    "uid": 1,
    "yarn_color": "Tan",
    "yarn_qty": 0
  },
  {
    "uid": 1,
    "yarn_color": "MistyRose3",
    "yarn_qty": 0
  },
  {
    "uid": 1,
    "yarn_color": "Thistle3",
    "yarn_qty": 0
  },
  {
    "uid": 1,
    "yarn_color": "Plum2",
    "yarn_qty": 0
  },
  {
    "uid": 1,
    "yarn_color": "Yellow3",
    "yarn_qty": 0
  },
  {
    "uid": 1,
    "yarn_color": "Khaki3",
    "yarn_qty": 0
  },
  {
    "uid": 1,
    "yarn_color": "LightGoldenrod2",
    "yarn_qty": 0
  },
  {
    "uid": 1,
    "yarn_color": "LightYellow3",
    "yarn_qty": 0
  },
  {
    "uid": 1,
    "yarn_color": "Grey84",
    "yarn_qty": 0
  },
  {
    "uid": 1,
    "yarn_color": "LightSteelBlue1",
    "yarn_qty": 0
  },
  {
    "uid": 1,
    "yarn_color": "Yellow2",
    "yarn_qty": 0
  },
  {
    "uid": 1,
    "yarn_color": "DarkOliveGreen1",
    "yarn_qty": 0
  },
  {
    "uid": 1,
    "yarn_color": "DarkOliveGreen1",
    "yarn_qty": 0
  },
  {
    "uid": 1,
    "yarn_color": "DarkSeaGreen1",
    "yarn_qty": 0
  },
  {
    "uid": 1,
    "yarn_color": "Honeydew2",
    "yarn_qty": 0
  },
  {
    "uid": 1,
    "yarn_color": "LightCyan1",
    "yarn_qty": 0
  },
  {
    "uid": 1,
    "yarn_color": "Red1",
    "yarn_qty": 0
  },
  {
    "uid": 1,
    "yarn_color": "DeepPink2",
    "yarn_qty": 0
  },
  {
    "uid": 1,
    "yarn_color": "DeepPink1",
    "yarn_qty": 0
  },
  {
    "uid": 1,
    "yarn_color": "DeepPink1",
    "yarn_qty": 0
  },
  {
    "uid": 1,
    "yarn_color": "Magenta2",
    "yarn_qty": 0
  },
  {
    "uid": 1,
    "yarn_color": "Magenta1",
    "yarn_qty": 0
  },
  {
    "uid": 1,
    "yarn_color": "OrangeRed1",
    "yarn_qty": 0
  },
  {
    "uid": 1,
    "yarn_color": "IndianRed1",
    "yarn_qty": 0
  },
  {
    "uid": 1,
    "yarn_color": "IndianRed1",
    "yarn_qty": 0
  },
  {
    "uid": 1,
    "yarn_color": "HotPink",
    "yarn_qty": 0
  },
  {
    "uid": 1,
    "yarn_color": "HotPink",
    "yarn_qty": 0
  },
  {
    "uid": 1,
    "yarn_color": "MediumOrchid1",
    "yarn_qty": 0
  },
  {
    "uid": 1,
    "yarn_color": "DarkOrange",
    "yarn_qty": 0
  },
  {
    "uid": 1,
    "yarn_color": "Salmon1",
    "yarn_qty": 0
  },
  {
    "uid": 1,
    "yarn_color": "LightCoral",
    "yarn_qty": 0
  },
  {
    "uid": 1,
    "yarn_color": "PaleVioletRed1",
    "yarn_qty": 0
  },
  {
    "uid": 1,
    "yarn_color": "Orchid2",
    "yarn_qty": 0
  },
  {
    "uid": 1,
    "yarn_color": "Orchid1",
    "yarn_qty": 0
  },
  {
    "uid": 1,
    "yarn_color": "Orange1",
    "yarn_qty": 0
  },
  {
    "uid": 1,
    "yarn_color": "SandyBrown",
    "yarn_qty": 0
  },
  {
    "uid": 1,
    "yarn_color": "LightSalmon1",
    "yarn_qty": 0
  },
  {
    "uid": 1,
    "yarn_color": "LightPink1",
    "yarn_qty": 0
  },
  {
    "uid": 1,
    "yarn_color": "Pink1",
    "yarn_qty": 0
  },
  {
    "uid": 1,
    "yarn_color": "Plum1",
    "yarn_qty": 0
  },
  {
    "uid": 1,
    "yarn_color": "Gold1",
    "yarn_qty": 0
  },
  {
    "uid": 1,
    "yarn_color": "LightGoldenrod2",
    "yarn_qty": 0
  },
  {
    "uid": 1,
    "yarn_color": "LightGoldenrod2",
    "yarn_qty": 0
  },
  {
    "uid": 1,
    "yarn_color": "NavajoWhite1",
    "yarn_qty": 0
  },
  {
    "uid": 1,
    "yarn_color": "MistyRose1",
    "yarn_qty": 0
  },
  {
    "uid": 1,
    "yarn_color": "Thistle1",
    "yarn_qty": 0
  },
  {
    "uid": 1,
    "yarn_color": "Yellow1",
    "yarn_qty": 0
  },
  {
    "uid": 1,
    "yarn_color": "LightGoldenrod1",
    "yarn_qty": 0
  },
  {
    "uid": 1,
    "yarn_color": "Khaki1",
    "yarn_qty": 0
  },
  {
    "uid": 1,
    "yarn_color": "Wheat1",
    "yarn_qty": 0
  },
  {
    "uid": 1,
    "yarn_color": "Cornsilk1",
    "yarn_qty": 0
  },
  {
    "uid": 1,
    "yarn_color": "Grey100",
    "yarn_qty": 0
  }
]
